{
  "meteor": {},
  "dependencies": {
    "basePackages": {
      "font-awesome": {},
      "marked": {},
      "github": {}
    },
    "packages": {
      "font-awesome": {
        "git": "https://github.com/nate-strauser/meteor-font-awesome.git",
        "tag": "v3.2.0",
        "commit": "2cba6f907a2579cae2d399b522f9544c13d5e091"
      },
      "marked": {
        "git": "https://github.com/chuangbo/meteor-marked.git",
        "tag": "v0.2.8.2",
        "commit": "f5d9d6dbc013ad1bd568fa610eb4d8a479943f18"
      },
      "github": {
        "git": "https://github.com/ndhoule/meteor-github.git",
        "tag": "v0.1.8",
        "commit": "7e995c903f287744387856870011abbf8ce8665b"
      }
    }
  }
}
